// !$*UTF8*$!
{
	archiveVersion = 1;
	classes = {
	};
	objectVersion = 51;
	objects = {

/* Begin PBXBuildFile section */
		385F620AC1A3FDFE34188351 /* Pods_wejh_ios.framework in Frameworks */ = {isa = PBXBuildFile; fileRef = F095845897A76AA02DC3C971 /* Pods_wejh_ios.framework */; };
		71251E31246160EF0066C4D2 /* HomeTodayCellTimetable.swift in Sources */ = {isa = PBXBuildFile; fileRef = 71251E30246160EF0066C4D2 /* HomeTodayCellTimetable.swift */; };
		71251E342461616A0066C4D2 /* HomeTodayCellCard.swift in Sources */ = {isa = PBXBuildFile; fileRef = 71251E332461616A0066C4D2 /* HomeTodayCellCard.swift */; };
		71251E36246162E20066C4D2 /* HomeTodayCellTimetableEventCell.swift in Sources */ = {isa = PBXBuildFile; fileRef = 71251E35246162E20066C4D2 /* HomeTodayCellTimetableEventCell.swift */; };
		71251E392461807C0066C4D2 /* HomeTodayCellViewModel.swift in Sources */ = {isa = PBXBuildFile; fileRef = 71251E382461807C0066C4D2 /* HomeTodayCellViewModel.swift */; };
		7138543224612EEE00C2E87B /* UITableView+InstantiableIdentifiable.swift in Sources */ = {isa = PBXBuildFile; fileRef = 7138543124612EEE00C2E87B /* UITableView+InstantiableIdentifiable.swift */; };
		713A2DF4245C6DF70006DB35 /* WhatsNewProvider.swift in Sources */ = {isa = PBXBuildFile; fileRef = 713A2DF3245C6DF70006DB35 /* WhatsNewProvider.swift */; };
		713A2DF8245C70F50006DB35 /* whats-new.json in Resources */ = {isa = PBXBuildFile; fileRef = 713A2DFA245C70F50006DB35 /* whats-new.json */; };
		713E11F024619C3800596290 /* Localizable.strings in Resources */ = {isa = PBXBuildFile; fileRef = 713E11EE24619C3800596290 /* Localizable.strings */; };
		713E11F324619C6500596290 /* String+Localized.swift in Sources */ = {isa = PBXBuildFile; fileRef = 713E11F224619C6500596290 /* String+Localized.swift */; };
		71482175245ECBAA007A476A /* UIColor+Wejh.swift in Sources */ = {isa = PBXBuildFile; fileRef = 71482174245ECBAA007A476A /* UIColor+Wejh.swift */; };
		71484BBC245E746100A4B3B6 /* UIScreen+Rx.swift in Sources */ = {isa = PBXBuildFile; fileRef = 71484BBB245E746100A4B3B6 /* UIScreen+Rx.swift */; };
		71484BBE245E820000A4B3B6 /* InterfaceStylePreferenceService.swift in Sources */ = {isa = PBXBuildFile; fileRef = 71484BBD245E820000A4B3B6 /* InterfaceStylePreferenceService.swift */; };
		71484BC0245E8E2200A4B3B6 /* ObservableType+Operators.swift in Sources */ = {isa = PBXBuildFile; fileRef = 71484BBF245E8E2200A4B3B6 /* ObservableType+Operators.swift */; };
		716645EE245C105F00A244F5 /* AppDelegate.swift in Sources */ = {isa = PBXBuildFile; fileRef = 716645ED245C105F00A244F5 /* AppDelegate.swift */; };
		716645F5245C105F00A244F5 /* Main.storyboard in Resources */ = {isa = PBXBuildFile; fileRef = 716645F3245C105F00A244F5 /* Main.storyboard */; };
		716645F7245C106100A244F5 /* Assets.xcassets in Resources */ = {isa = PBXBuildFile; fileRef = 716645F6245C106100A244F5 /* Assets.xcassets */; };
		716645FA245C106100A244F5 /* LaunchScreen.storyboard in Resources */ = {isa = PBXBuildFile; fileRef = 716645F8245C106100A244F5 /* LaunchScreen.storyboard */; };
		717055D224643C470075336C /* HomeMenuViewModel.swift in Sources */ = {isa = PBXBuildFile; fileRef = 717055D124643C470075336C /* HomeMenuViewModel.swift */; };
		719E53A124604C2000186C98 /* UserViewController.swift in Sources */ = {isa = PBXBuildFile; fileRef = 719E53A024604C2000186C98 /* UserViewController.swift */; };
		719E53A424604C5900186C98 /* UserViewModel.swift in Sources */ = {isa = PBXBuildFile; fileRef = 719E53A324604C5900186C98 /* UserViewModel.swift */; };
		71AA7DAD24644BEB00AF653E /* HomeMenuItemCell.xib in Resources */ = {isa = PBXBuildFile; fileRef = 71AA7DAC24644BEB00AF653E /* HomeMenuItemCell.xib */; };
		71C3CB5F245FF1D000512E97 /* HomeMenuView.xib in Resources */ = {isa = PBXBuildFile; fileRef = 71C3CB5E245FF1D000512E97 /* HomeMenuView.xib */; };
		71C3CB61245FF23D00512E97 /* HomeMenuView.swift in Sources */ = {isa = PBXBuildFile; fileRef = 71C3CB60245FF23D00512E97 /* HomeMenuView.swift */; };
		71CAD340245EFFC500F0B3BB /* UIColor+HexValues.swift in Sources */ = {isa = PBXBuildFile; fileRef = 71CAD33F245EFFC500F0B3BB /* UIColor+HexValues.swift */; };
		71D0FE00245C3F9C005717EC /* Application.swift in Sources */ = {isa = PBXBuildFile; fileRef = 71D0FDFF245C3F9C005717EC /* Application.swift */; };
		71D0FE02245C3FAB005717EC /* Navigator.swift in Sources */ = {isa = PBXBuildFile; fileRef = 71D0FE01245C3FAB005717EC /* Navigator.swift */; };
		71D0FE05245C4131005717EC /* HomeViewModel.swift in Sources */ = {isa = PBXBuildFile; fileRef = 71D0FE04245C4131005717EC /* HomeViewModel.swift */; };
		71D0FE08245C473F005717EC /* InitalViewController.swift in Sources */ = {isa = PBXBuildFile; fileRef = 71D0FE07245C473F005717EC /* InitalViewController.swift */; };
		71D0FE0A245C47E3005717EC /* HomeViewController.swift in Sources */ = {isa = PBXBuildFile; fileRef = 71D0FE09245C47E3005717EC /* HomeViewController.swift */; };
		71D0FE0C245C4FAC005717EC /* BaseViewController.swift in Sources */ = {isa = PBXBuildFile; fileRef = 71D0FE0B245C4FAC005717EC /* BaseViewController.swift */; };
		B99F61DC747F15A49DEF07A0 /* NavigableControllerType.swift in Sources */ = {isa = PBXBuildFile; fileRef = B99F67D8CD05C2868BC0E541 /* NavigableControllerType.swift */; };
		B99F621B78577E29B99A357B /* HomeTodayCellCard.xib in Resources */ = {isa = PBXBuildFile; fileRef = B99F681F4B148CDCA957CD81 /* HomeTodayCellCard.xib */; };
		B99F63BF3FA93C2FC79A1D29 /* HomeTodayCell.swift in Sources */ = {isa = PBXBuildFile; fileRef = B99F68E230A1CF26E1396049 /* HomeTodayCell.swift */; };
		B99F65197937FEFE8A33E471 /* SquareBlocksPatternView.swift in Sources */ = {isa = PBXBuildFile; fileRef = B99F6A4E57FF50484363EB5A /* SquareBlocksPatternView.swift */; };
		B99F66CA857C1E84F5E13642 /* ViewModelBindableType.swift in Sources */ = {isa = PBXBuildFile; fileRef = B99F6C88B6DFDFC816B442DE /* ViewModelBindableType.swift */; };
		B99F673BC27E7BB88EAA0DE4 /* HomeTodayCellTimetable.xib in Resources */ = {isa = PBXBuildFile; fileRef = B99F6D8EFE83D2011468A703 /* HomeTodayCellTimetable.xib */; };
		B99F67DA588C16ED5924B324 /* NibInstantiable.swift in Sources */ = {isa = PBXBuildFile; fileRef = B99F6332E56AB96D8E9EE6BD /* NibInstantiable.swift */; };
		B99F6921CF4E1A2DE926D612 /* HomeTodayCellTimetableEventCell.xib in Resources */ = {isa = PBXBuildFile; fileRef = B99F6C283DD5D96402E52F28 /* HomeTodayCellTimetableEventCell.xib */; };
		B99F69676655BA9641C3CBE2 /* InterfaceStyleProvider.swift in Sources */ = {isa = PBXBuildFile; fileRef = B99F62F7238B0EB9EF1696E7 /* InterfaceStyleProvider.swift */; };
		B99F697037030E01F7193020 /* HomeMenuItemCell.swift in Sources */ = {isa = PBXBuildFile; fileRef = B99F6DE6A953ECC5AB208526 /* HomeMenuItemCell.swift */; };
		B99F6A4C459335A580EB8C73 /* StoryboardInstantiable.swift in Sources */ = {isa = PBXBuildFile; fileRef = B99F658E36E98DDB8C071FE6 /* StoryboardInstantiable.swift */; };
		B99F6D1CC096BA2BB5636AB4 /* ViewModelType.swift in Sources */ = {isa = PBXBuildFile; fileRef = B99F6E37C226A55B91CA69D4 /* ViewModelType.swift */; };
		B99F6DE5F1DC65AF3B73DACB /* HomeTodayCellTimetableViewModel.swift in Sources */ = {isa = PBXBuildFile; fileRef = B99F6E3C395699824DBE6D46 /* HomeTodayCellTimetableViewModel.swift */; };
		B99F6E3390F2CB5DA6F201AF /* Collection+Extensions.swift in Sources */ = {isa = PBXBuildFile; fileRef = B99F642E300AC9F45D99FC0C /* Collection+Extensions.swift */; };
		B99F6EE09A3B0F226D1A577A /* HomeTodayCellCardViewModel.swift in Sources */ = {isa = PBXBuildFile; fileRef = B99F6F6D56889457C5C70C49 /* HomeTodayCellCardViewModel.swift */; };
		B99F6F00C4FC32932B46FDE0 /* ReusableIdentifiableView.swift in Sources */ = {isa = PBXBuildFile; fileRef = B99F62844B47C44E7B2E48F2 /* ReusableIdentifiableView.swift */; };
/* End PBXBuildFile section */

/* Begin PBXFileReference section */
		71251E30246160EF0066C4D2 /* HomeTodayCellTimetable.swift */ = {isa = PBXFileReference; lastKnownFileType = sourcecode.swift; path = HomeTodayCellTimetable.swift; sourceTree = "<group>"; };
		71251E332461616A0066C4D2 /* HomeTodayCellCard.swift */ = {isa = PBXFileReference; lastKnownFileType = sourcecode.swift; path = HomeTodayCellCard.swift; sourceTree = "<group>"; };
		71251E35246162E20066C4D2 /* HomeTodayCellTimetableEventCell.swift */ = {isa = PBXFileReference; lastKnownFileType = sourcecode.swift; path = HomeTodayCellTimetableEventCell.swift; sourceTree = "<group>"; };
		71251E382461807C0066C4D2 /* HomeTodayCellViewModel.swift */ = {isa = PBXFileReference; lastKnownFileType = sourcecode.swift; path = HomeTodayCellViewModel.swift; sourceTree = "<group>"; };
		7138543124612EEE00C2E87B /* UITableView+InstantiableIdentifiable.swift */ = {isa = PBXFileReference; lastKnownFileType = sourcecode.swift; path = "UITableView+InstantiableIdentifiable.swift"; sourceTree = "<group>"; };
		713A2DF3245C6DF70006DB35 /* WhatsNewProvider.swift */ = {isa = PBXFileReference; lastKnownFileType = sourcecode.swift; path = WhatsNewProvider.swift; sourceTree = "<group>"; };
		713A2DF9245C70F50006DB35 /* Base */ = {isa = PBXFileReference; lastKnownFileType = text.json; name = Base; path = "Base.lproj/whats-new.json"; sourceTree = "<group>"; };
		713A2DFB245C70F80006DB35 /* zh-Hans */ = {isa = PBXFileReference; lastKnownFileType = text.json; name = "zh-Hans"; path = "zh-Hans.lproj/whats-new.json"; sourceTree = "<group>"; };
		713E11EF24619C3800596290 /* Base */ = {isa = PBXFileReference; lastKnownFileType = text.plist.strings; name = Base; path = Base.lproj/Localizable.strings; sourceTree = "<group>"; };
		713E11F124619C3E00596290 /* zh-Hans */ = {isa = PBXFileReference; lastKnownFileType = text.plist.strings; name = "zh-Hans"; path = "zh-Hans.lproj/Localizable.strings"; sourceTree = "<group>"; };
		713E11F224619C6500596290 /* String+Localized.swift */ = {isa = PBXFileReference; lastKnownFileType = sourcecode.swift; path = "String+Localized.swift"; sourceTree = "<group>"; };
		71482174245ECBAA007A476A /* UIColor+Wejh.swift */ = {isa = PBXFileReference; lastKnownFileType = sourcecode.swift; path = "UIColor+Wejh.swift"; sourceTree = "<group>"; };
		71484BBB245E746100A4B3B6 /* UIScreen+Rx.swift */ = {isa = PBXFileReference; lastKnownFileType = sourcecode.swift; path = "UIScreen+Rx.swift"; sourceTree = "<group>"; };
		71484BBD245E820000A4B3B6 /* InterfaceStylePreferenceService.swift */ = {isa = PBXFileReference; lastKnownFileType = sourcecode.swift; path = InterfaceStylePreferenceService.swift; sourceTree = "<group>"; };
		71484BBF245E8E2200A4B3B6 /* ObservableType+Operators.swift */ = {isa = PBXFileReference; lastKnownFileType = sourcecode.swift; path = "ObservableType+Operators.swift"; sourceTree = "<group>"; };
		716645EA245C105F00A244F5 /* wejh-ios.app */ = {isa = PBXFileReference; explicitFileType = wrapper.application; includeInIndex = 0; path = "wejh-ios.app"; sourceTree = BUILT_PRODUCTS_DIR; };
		716645ED245C105F00A244F5 /* AppDelegate.swift */ = {isa = PBXFileReference; lastKnownFileType = sourcecode.swift; path = AppDelegate.swift; sourceTree = "<group>"; };
		716645F4245C105F00A244F5 /* Base */ = {isa = PBXFileReference; lastKnownFileType = file.storyboard; name = Base; path = Base.lproj/Main.storyboard; sourceTree = "<group>"; };
		716645F6245C106100A244F5 /* Assets.xcassets */ = {isa = PBXFileReference; lastKnownFileType = folder.assetcatalog; path = Assets.xcassets; sourceTree = "<group>"; };
		716645F9245C106100A244F5 /* Base */ = {isa = PBXFileReference; lastKnownFileType = file.storyboard; name = Base; path = Base.lproj/LaunchScreen.storyboard; sourceTree = "<group>"; };
		716645FB245C106100A244F5 /* Info.plist */ = {isa = PBXFileReference; lastKnownFileType = text.plist.xml; path = Info.plist; sourceTree = "<group>"; };
		717055D124643C470075336C /* HomeMenuViewModel.swift */ = {isa = PBXFileReference; lastKnownFileType = sourcecode.swift; path = HomeMenuViewModel.swift; sourceTree = "<group>"; };
		719E53A024604C2000186C98 /* UserViewController.swift */ = {isa = PBXFileReference; lastKnownFileType = sourcecode.swift; path = UserViewController.swift; sourceTree = "<group>"; };
		719E53A324604C5900186C98 /* UserViewModel.swift */ = {isa = PBXFileReference; lastKnownFileType = sourcecode.swift; path = UserViewModel.swift; sourceTree = "<group>"; };
		71AA7DAC24644BEB00AF653E /* HomeMenuItemCell.xib */ = {isa = PBXFileReference; lastKnownFileType = file.xib; path = HomeMenuItemCell.xib; sourceTree = "<group>"; };
		71C3CB5E245FF1D000512E97 /* HomeMenuView.xib */ = {isa = PBXFileReference; lastKnownFileType = file.xib; path = HomeMenuView.xib; sourceTree = "<group>"; };
		71C3CB60245FF23D00512E97 /* HomeMenuView.swift */ = {isa = PBXFileReference; lastKnownFileType = sourcecode.swift; path = HomeMenuView.swift; sourceTree = "<group>"; };
		71CAD33F245EFFC500F0B3BB /* UIColor+HexValues.swift */ = {isa = PBXFileReference; lastKnownFileType = sourcecode.swift; path = "UIColor+HexValues.swift"; sourceTree = "<group>"; };
		71D0FDFF245C3F9C005717EC /* Application.swift */ = {isa = PBXFileReference; lastKnownFileType = sourcecode.swift; path = Application.swift; sourceTree = "<group>"; };
		71D0FE01245C3FAB005717EC /* Navigator.swift */ = {isa = PBXFileReference; lastKnownFileType = sourcecode.swift; path = Navigator.swift; sourceTree = "<group>"; };
		71D0FE04245C4131005717EC /* HomeViewModel.swift */ = {isa = PBXFileReference; lastKnownFileType = sourcecode.swift; path = HomeViewModel.swift; sourceTree = "<group>"; };
		71D0FE07245C473F005717EC /* InitalViewController.swift */ = {isa = PBXFileReference; lastKnownFileType = sourcecode.swift; path = InitalViewController.swift; sourceTree = "<group>"; };
		71D0FE09245C47E3005717EC /* HomeViewController.swift */ = {isa = PBXFileReference; lastKnownFileType = sourcecode.swift; path = HomeViewController.swift; sourceTree = "<group>"; };
		71D0FE0B245C4FAC005717EC /* BaseViewController.swift */ = {isa = PBXFileReference; lastKnownFileType = sourcecode.swift; path = BaseViewController.swift; sourceTree = "<group>"; };
		8C457D80C85075B66E7EA11E /* Pods-wejh-ios.release.xcconfig */ = {isa = PBXFileReference; includeInIndex = 1; lastKnownFileType = text.xcconfig; name = "Pods-wejh-ios.release.xcconfig"; path = "Target Support Files/Pods-wejh-ios/Pods-wejh-ios.release.xcconfig"; sourceTree = "<group>"; };
		B99F62844B47C44E7B2E48F2 /* ReusableIdentifiableView.swift */ = {isa = PBXFileReference; fileEncoding = 4; lastKnownFileType = sourcecode.swift; path = ReusableIdentifiableView.swift; sourceTree = "<group>"; };
		B99F62F7238B0EB9EF1696E7 /* InterfaceStyleProvider.swift */ = {isa = PBXFileReference; fileEncoding = 4; lastKnownFileType = sourcecode.swift; path = InterfaceStyleProvider.swift; sourceTree = "<group>"; };
		B99F6332E56AB96D8E9EE6BD /* NibInstantiable.swift */ = {isa = PBXFileReference; fileEncoding = 4; lastKnownFileType = sourcecode.swift; path = NibInstantiable.swift; sourceTree = "<group>"; };
		B99F642E300AC9F45D99FC0C /* Collection+Extensions.swift */ = {isa = PBXFileReference; fileEncoding = 4; lastKnownFileType = sourcecode.swift; path = "Collection+Extensions.swift"; sourceTree = "<group>"; };
		B99F658E36E98DDB8C071FE6 /* StoryboardInstantiable.swift */ = {isa = PBXFileReference; fileEncoding = 4; lastKnownFileType = sourcecode.swift; path = StoryboardInstantiable.swift; sourceTree = "<group>"; };
		B99F67D8CD05C2868BC0E541 /* NavigableControllerType.swift */ = {isa = PBXFileReference; fileEncoding = 4; lastKnownFileType = sourcecode.swift; path = NavigableControllerType.swift; sourceTree = "<group>"; };
		B99F681F4B148CDCA957CD81 /* HomeTodayCellCard.xib */ = {isa = PBXFileReference; lastKnownFileType = file.xib; path = HomeTodayCellCard.xib; sourceTree = "<group>"; };
		B99F68E230A1CF26E1396049 /* HomeTodayCell.swift */ = {isa = PBXFileReference; fileEncoding = 4; lastKnownFileType = sourcecode.swift; path = HomeTodayCell.swift; sourceTree = "<group>"; };
		B99F6A4E57FF50484363EB5A /* SquareBlocksPatternView.swift */ = {isa = PBXFileReference; fileEncoding = 4; lastKnownFileType = sourcecode.swift; path = SquareBlocksPatternView.swift; sourceTree = "<group>"; };
		B99F6C283DD5D96402E52F28 /* HomeTodayCellTimetableEventCell.xib */ = {isa = PBXFileReference; lastKnownFileType = file.xib; path = HomeTodayCellTimetableEventCell.xib; sourceTree = "<group>"; };
		B99F6C88B6DFDFC816B442DE /* ViewModelBindableType.swift */ = {isa = PBXFileReference; fileEncoding = 4; lastKnownFileType = sourcecode.swift; path = ViewModelBindableType.swift; sourceTree = "<group>"; };
		B99F6D8EFE83D2011468A703 /* HomeTodayCellTimetable.xib */ = {isa = PBXFileReference; lastKnownFileType = file.xib; path = HomeTodayCellTimetable.xib; sourceTree = "<group>"; };
		B99F6DE6A953ECC5AB208526 /* HomeMenuItemCell.swift */ = {isa = PBXFileReference; fileEncoding = 4; lastKnownFileType = sourcecode.swift; path = HomeMenuItemCell.swift; sourceTree = "<group>"; };
		B99F6E37C226A55B91CA69D4 /* ViewModelType.swift */ = {isa = PBXFileReference; fileEncoding = 4; lastKnownFileType = sourcecode.swift; path = ViewModelType.swift; sourceTree = "<group>"; };
		B99F6E3C395699824DBE6D46 /* HomeTodayCellTimetableViewModel.swift */ = {isa = PBXFileReference; fileEncoding = 4; lastKnownFileType = sourcecode.swift; path = HomeTodayCellTimetableViewModel.swift; sourceTree = "<group>"; };
		B99F6F6D56889457C5C70C49 /* HomeTodayCellCardViewModel.swift */ = {isa = PBXFileReference; fileEncoding = 4; lastKnownFileType = sourcecode.swift; path = HomeTodayCellCardViewModel.swift; sourceTree = "<group>"; };
		BF781242D4F467449515F49B /* Pods-wejh-ios.debug.xcconfig */ = {isa = PBXFileReference; includeInIndex = 1; lastKnownFileType = text.xcconfig; name = "Pods-wejh-ios.debug.xcconfig"; path = "Target Support Files/Pods-wejh-ios/Pods-wejh-ios.debug.xcconfig"; sourceTree = "<group>"; };
		F095845897A76AA02DC3C971 /* Pods_wejh_ios.framework */ = {isa = PBXFileReference; explicitFileType = wrapper.framework; includeInIndex = 0; path = Pods_wejh_ios.framework; sourceTree = BUILT_PRODUCTS_DIR; };
/* End PBXFileReference section */

/* Begin PBXFrameworksBuildPhase section */
		716645E7245C105F00A244F5 /* Frameworks */ = {
			isa = PBXFrameworksBuildPhase;
			buildActionMask = 2147483647;
			files = (
				385F620AC1A3FDFE34188351 /* Pods_wejh_ios.framework in Frameworks */,
			);
			runOnlyForDeploymentPostprocessing = 0;
		};
/* End PBXFrameworksBuildPhase section */

/* Begin PBXGroup section */
		2F5CF9CFDC0FE2B4A449E543 /* Frameworks */ = {
			isa = PBXGroup;
			children = (
				F095845897A76AA02DC3C971 /* Pods_wejh_ios.framework */,
			);
			name = Frameworks;
			sourceTree = "<group>";
		};
		71251E322461613B0066C4D2 /* Library */ = {
			isa = PBXGroup;
			children = (
			);
			path = Library;
			sourceTree = "<group>";
		};
		71251E37246162FD0066C4D2 /* Event */ = {
			isa = PBXGroup;
			children = (
				71251E35246162E20066C4D2 /* HomeTodayCellTimetableEventCell.swift */,
				B99F6C283DD5D96402E52F28 /* HomeTodayCellTimetableEventCell.xib */,
			);
			path = Event;
			sourceTree = "<group>";
		};
		71484BBA245E744B00A4B3B6 /* Extensions */ = {
			isa = PBXGroup;
			children = (
				71482174245ECBAA007A476A /* UIColor+Wejh.swift */,
				71CAD33F245EFFC500F0B3BB /* UIColor+HexValues.swift */,
				71484BBB245E746100A4B3B6 /* UIScreen+Rx.swift */,
				7138543124612EEE00C2E87B /* UITableView+InstantiableIdentifiable.swift */,
				71484BBF245E8E2200A4B3B6 /* ObservableType+Operators.swift */,
				713E11F224619C6500596290 /* String+Localized.swift */,
				B99F642E300AC9F45D99FC0C /* Collection+Extensions.swift */,
			);
			path = Extensions;
			sourceTree = "<group>";
		};
		716645E1245C105F00A244F5 = {
			isa = PBXGroup;
			children = (
				716645EC245C105F00A244F5 /* wejh-ios */,
				716645EB245C105F00A244F5 /* Products */,
				E45EB7BC1C1681BED4EBC035 /* Pods */,
				2F5CF9CFDC0FE2B4A449E543 /* Frameworks */,
			);
			sourceTree = "<group>";
		};
		716645EB245C105F00A244F5 /* Products */ = {
			isa = PBXGroup;
			children = (
				716645EA245C105F00A244F5 /* wejh-ios.app */,
			);
			name = Products;
			sourceTree = "<group>";
		};
		716645EC245C105F00A244F5 /* wejh-ios */ = {
			isa = PBXGroup;
			children = (
				71484BBA245E744B00A4B3B6 /* Extensions */,
				71D0FDF6245C2470005717EC /* Application */,
				71D0FDFA245C25AA005717EC /* Common */,
				71D0FDFB245C25EC005717EC /* Configs */,
				71D0FDF7245C2476005717EC /* Providers */,
				71D0FDFC245C25FC005717EC /* Models */,
				71D0FDF8245C247B005717EC /* Modules */,
				71D0FDFD245C2611005717EC /* Services */,
				71D0FDFE245C2625005717EC /* Resources */,
				716645FB245C106100A244F5 /* Info.plist */,
			);
			path = "wejh-ios";
			sourceTree = "<group>";
		};
		716A05B12460227E004C6CBA /* Views */ = {
			isa = PBXGroup;
			children = (
				717055D124643C470075336C /* HomeMenuViewModel.swift */,
				71C3CB60245FF23D00512E97 /* HomeMenuView.swift */,
				71C3CB5E245FF1D000512E97 /* HomeMenuView.xib */,
				B99F6DE6A953ECC5AB208526 /* HomeMenuItemCell.swift */,
				71AA7DAC24644BEB00AF653E /* HomeMenuItemCell.xib */,
			);
			path = Views;
			sourceTree = "<group>";
		};
		719E53A224604C2400186C98 /* User */ = {
			isa = PBXGroup;
			children = (
				719E53A324604C5900186C98 /* UserViewModel.swift */,
				719E53A024604C2000186C98 /* UserViewController.swift */,
			);
			path = User;
			sourceTree = "<group>";
		};
		71D0FDF6245C2470005717EC /* Application */ = {
			isa = PBXGroup;
			children = (
				716645ED245C105F00A244F5 /* AppDelegate.swift */,
				71D0FDFF245C3F9C005717EC /* Application.swift */,
				71D0FE01245C3FAB005717EC /* Navigator.swift */,
				B99F67D8CD05C2868BC0E541 /* NavigableControllerType.swift */,
			);
			path = Application;
			sourceTree = "<group>";
		};
		71D0FDF7245C2476005717EC /* Providers */ = {
			isa = PBXGroup;
			children = (
				713A2DF3245C6DF70006DB35 /* WhatsNewProvider.swift */,
				B99F62F7238B0EB9EF1696E7 /* InterfaceStyleProvider.swift */,
			);
			path = Providers;
			sourceTree = "<group>";
		};
		71D0FDF8245C247B005717EC /* Modules */ = {
			isa = PBXGroup;
			children = (
				719E53A224604C2400186C98 /* User */,
				71D0FE06245C4731005717EC /* Inital */,
				71D0FE03245C4125005717EC /* Home */,
			);
			path = Modules;
			sourceTree = "<group>";
		};
		71D0FDFA245C25AA005717EC /* Common */ = {
			isa = PBXGroup;
			children = (
				71D0FE0B245C4FAC005717EC /* BaseViewController.swift */,
				B99F658E36E98DDB8C071FE6 /* StoryboardInstantiable.swift */,
				B99F62844B47C44E7B2E48F2 /* ReusableIdentifiableView.swift */,
				B99F6332E56AB96D8E9EE6BD /* NibInstantiable.swift */,
				B99F6D2F205E6074F9654C1B /* ViewModel */,
			);
			path = Common;
			sourceTree = "<group>";
		};
		71D0FDFB245C25EC005717EC /* Configs */ = {
			isa = PBXGroup;
			children = (
			);
			path = Configs;
			sourceTree = "<group>";
		};
		71D0FDFC245C25FC005717EC /* Models */ = {
			isa = PBXGroup;
			children = (
			);
			path = Models;
			sourceTree = "<group>";
		};
		71D0FDFD245C2611005717EC /* Services */ = {
			isa = PBXGroup;
			children = (
				71484BBD245E820000A4B3B6 /* InterfaceStylePreferenceService.swift */,
			);
			path = Services;
			sourceTree = "<group>";
		};
		71D0FDFE245C2625005717EC /* Resources */ = {
			isa = PBXGroup;
			children = (
				713E11EE24619C3800596290 /* Localizable.strings */,
				713A2DFA245C70F50006DB35 /* whats-new.json */,
				716645F3245C105F00A244F5 /* Main.storyboard */,
				716645F6245C106100A244F5 /* Assets.xcassets */,
				716645F8245C106100A244F5 /* LaunchScreen.storyboard */,
			);
			path = Resources;
			sourceTree = "<group>";
		};
		71D0FE03245C4125005717EC /* Home */ = {
			isa = PBXGroup;
			children = (
				71D0FE04245C4131005717EC /* HomeViewModel.swift */,
				71D0FE09245C47E3005717EC /* HomeViewController.swift */,
				716A05B12460227E004C6CBA /* Views */,
				B99F69C68796640B78D82FF5 /* Today */,
			);
			path = Home;
			sourceTree = "<group>";
		};
		71D0FE06245C4731005717EC /* Inital */ = {
			isa = PBXGroup;
			children = (
				71D0FE07245C473F005717EC /* InitalViewController.swift */,
			);
			path = Inital;
			sourceTree = "<group>";
		};
		B99F63E0C3EFCD7972D99300 /* Views */ = {
			isa = PBXGroup;
			children = (
				B99F6A4E57FF50484363EB5A /* SquareBlocksPatternView.swift */,
			);
			path = Views;
			sourceTree = "<group>";
		};
		B99F68E4EB03E27EB5C5636C /* Card */ = {
			isa = PBXGroup;
			children = (
				B99F6F6D56889457C5C70C49 /* HomeTodayCellCardViewModel.swift */,
				71251E332461616A0066C4D2 /* HomeTodayCellCard.swift */,
				B99F681F4B148CDCA957CD81 /* HomeTodayCellCard.xib */,
			);
			path = Card;
			sourceTree = "<group>";
		};
		B99F69C68796640B78D82FF5 /* Today */ = {
			isa = PBXGroup;
			children = (
				71251E382461807C0066C4D2 /* HomeTodayCellViewModel.swift */,
				B99F68E230A1CF26E1396049 /* HomeTodayCell.swift */,
				B99F6C1E96EFAF2CAFB67B79 /* Timetable */,
				B99F68E4EB03E27EB5C5636C /* Card */,
				71251E322461613B0066C4D2 /* Library */,
				B99F63E0C3EFCD7972D99300 /* Views */,
			);
			path = Today;
			sourceTree = "<group>";
		};
		B99F6C1E96EFAF2CAFB67B79 /* Timetable */ = {
			isa = PBXGroup;
			children = (
				B99F6E3C395699824DBE6D46 /* HomeTodayCellTimetableViewModel.swift */,
				71251E30246160EF0066C4D2 /* HomeTodayCellTimetable.swift */,
				B99F6D8EFE83D2011468A703 /* HomeTodayCellTimetable.xib */,
				71251E37246162FD0066C4D2 /* Event */,
			);
			path = Timetable;
			sourceTree = "<group>";
		};
		B99F6D2F205E6074F9654C1B /* ViewModel */ = {
			isa = PBXGroup;
			children = (
				B99F6E37C226A55B91CA69D4 /* ViewModelType.swift */,
				B99F6C88B6DFDFC816B442DE /* ViewModelBindableType.swift */,
			);
			path = ViewModel;
			sourceTree = "<group>";
		};
		E45EB7BC1C1681BED4EBC035 /* Pods */ = {
			isa = PBXGroup;
			children = (
				BF781242D4F467449515F49B /* Pods-wejh-ios.debug.xcconfig */,
				8C457D80C85075B66E7EA11E /* Pods-wejh-ios.release.xcconfig */,
			);
			path = Pods;
			sourceTree = "<group>";
		};
/* End PBXGroup section */

/* Begin PBXNativeTarget section */
		716645E9245C105F00A244F5 /* wejh-ios */ = {
			isa = PBXNativeTarget;
			buildConfigurationList = 716645FE245C106100A244F5 /* Build configuration list for PBXNativeTarget "wejh-ios" */;
			buildPhases = (
				DFE443AAFA1149B4D01B6276 /* [CP] Check Pods Manifest.lock */,
				71D0FDF9245C2507005717EC /* Run SwiftLint */,
				716645E6245C105F00A244F5 /* Sources */,
				716645E7245C105F00A244F5 /* Frameworks */,
				716645E8245C105F00A244F5 /* Resources */,
				BD40DAC8B9A00577A3EE9A31 /* [CP] Embed Pods Frameworks */,
			);
			buildRules = (
			);
			dependencies = (
			);
			name = "wejh-ios";
			productName = "wejh-ios";
			productReference = 716645EA245C105F00A244F5 /* wejh-ios.app */;
			productType = "com.apple.product-type.application";
		};
/* End PBXNativeTarget section */

/* Begin PBXProject section */
		716645E2245C105F00A244F5 /* Project object */ = {
			isa = PBXProject;
			attributes = {
				LastSwiftUpdateCheck = 1140;
				LastUpgradeCheck = 1140;
				ORGANIZATIONNAME = "Bunny Wong";
				TargetAttributes = {
					716645E9245C105F00A244F5 = {
						CreatedOnToolsVersion = 11.4.1;
					};
				};
			};
			buildConfigurationList = 716645E5245C105F00A244F5 /* Build configuration list for PBXProject "wejh-ios" */;
			compatibilityVersion = "Xcode 9.3";
			developmentRegion = "zh-Hans";
			hasScannedForEncodings = 0;
			knownRegions = (
				Base,
				"zh-Hans",
			);
			mainGroup = 716645E1245C105F00A244F5;
			productRefGroup = 716645EB245C105F00A244F5 /* Products */;
			projectDirPath = "";
			projectRoot = "";
			targets = (
				716645E9245C105F00A244F5 /* wejh-ios */,
			);
		};
/* End PBXProject section */

/* Begin PBXResourcesBuildPhase section */
		716645E8245C105F00A244F5 /* Resources */ = {
			isa = PBXResourcesBuildPhase;
			buildActionMask = 2147483647;
			files = (
				713A2DF8245C70F50006DB35 /* whats-new.json in Resources */,
				716645FA245C106100A244F5 /* LaunchScreen.storyboard in Resources */,
				71AA7DAD24644BEB00AF653E /* HomeMenuItemCell.xib in Resources */,
				71C3CB5F245FF1D000512E97 /* HomeMenuView.xib in Resources */,
				716645F7245C106100A244F5 /* Assets.xcassets in Resources */,
				713E11F024619C3800596290 /* Localizable.strings in Resources */,
				716645F5245C105F00A244F5 /* Main.storyboard in Resources */,
				B99F6921CF4E1A2DE926D612 /* HomeTodayCellTimetableEventCell.xib in Resources */,
				B99F673BC27E7BB88EAA0DE4 /* HomeTodayCellTimetable.xib in Resources */,
				B99F621B78577E29B99A357B /* HomeTodayCellCard.xib in Resources */,
			);
			runOnlyForDeploymentPostprocessing = 0;
		};
/* End PBXResourcesBuildPhase section */

/* Begin PBXShellScriptBuildPhase section */
		71D0FDF9245C2507005717EC /* Run SwiftLint */ = {
			isa = PBXShellScriptBuildPhase;
			buildActionMask = 2147483647;
			files = (
			);
			inputFileListPaths = (
			);
			inputPaths = (
			);
			name = "Run SwiftLint";
			outputFileListPaths = (
			);
			outputPaths = (
			);
			runOnlyForDeploymentPostprocessing = 0;
			shellPath = /bin/sh;
			shellScript = "\"${PODS_ROOT}/SwiftLint/swiftlint\"\n";
		};
		BD40DAC8B9A00577A3EE9A31 /* [CP] Embed Pods Frameworks */ = {
			isa = PBXShellScriptBuildPhase;
			buildActionMask = 2147483647;
			files = (
			);
			inputFileListPaths = (
				"${PODS_ROOT}/Target Support Files/Pods-wejh-ios/Pods-wejh-ios-frameworks-${CONFIGURATION}-input-files.xcfilelist",
			);
			name = "[CP] Embed Pods Frameworks";
			outputFileListPaths = (
				"${PODS_ROOT}/Target Support Files/Pods-wejh-ios/Pods-wejh-ios-frameworks-${CONFIGURATION}-output-files.xcfilelist",
			);
			runOnlyForDeploymentPostprocessing = 0;
			shellPath = /bin/sh;
			shellScript = "\"${PODS_ROOT}/Target Support Files/Pods-wejh-ios/Pods-wejh-ios-frameworks.sh\"\n";
			showEnvVarsInLog = 0;
		};
		DFE443AAFA1149B4D01B6276 /* [CP] Check Pods Manifest.lock */ = {
			isa = PBXShellScriptBuildPhase;
			buildActionMask = 2147483647;
			files = (
			);
			inputFileListPaths = (
			);
			inputPaths = (
				"${PODS_PODFILE_DIR_PATH}/Podfile.lock",
				"${PODS_ROOT}/Manifest.lock",
			);
			name = "[CP] Check Pods Manifest.lock";
			outputFileListPaths = (
			);
			outputPaths = (
				"$(DERIVED_FILE_DIR)/Pods-wejh-ios-checkManifestLockResult.txt",
			);
			runOnlyForDeploymentPostprocessing = 0;
			shellPath = /bin/sh;
			shellScript = "diff \"${PODS_PODFILE_DIR_PATH}/Podfile.lock\" \"${PODS_ROOT}/Manifest.lock\" > /dev/null\nif [ $? != 0 ] ; then\n    # print error to STDERR\n    echo \"error: The sandbox is not in sync with the Podfile.lock. Run 'pod install' or update your CocoaPods installation.\" >&2\n    exit 1\nfi\n# This output is used by Xcode 'outputs' to avoid re-running this script phase.\necho \"SUCCESS\" > \"${SCRIPT_OUTPUT_FILE_0}\"\n";
			showEnvVarsInLog = 0;
		};
/* End PBXShellScriptBuildPhase section */

/* Begin PBXSourcesBuildPhase section */
		716645E6245C105F00A244F5 /* Sources */ = {
			isa = PBXSourcesBuildPhase;
			buildActionMask = 2147483647;
			files = (
				71D0FE00245C3F9C005717EC /* Application.swift in Sources */,
				71482175245ECBAA007A476A /* UIColor+Wejh.swift in Sources */,
				71D0FE02245C3FAB005717EC /* Navigator.swift in Sources */,
				71D0FE08245C473F005717EC /* InitalViewController.swift in Sources */,
				71D0FE0C245C4FAC005717EC /* BaseViewController.swift in Sources */,
				71D0FE05245C4131005717EC /* HomeViewModel.swift in Sources */,
				71484BBC245E746100A4B3B6 /* UIScreen+Rx.swift in Sources */,
				71D0FE0A245C47E3005717EC /* HomeViewController.swift in Sources */,
				71251E392461807C0066C4D2 /* HomeTodayCellViewModel.swift in Sources */,
				716645EE245C105F00A244F5 /* AppDelegate.swift in Sources */,
				713E11F324619C6500596290 /* String+Localized.swift in Sources */,
				717055D224643C470075336C /* HomeMenuViewModel.swift in Sources */,
				713A2DF4245C6DF70006DB35 /* WhatsNewProvider.swift in Sources */,
				71C3CB61245FF23D00512E97 /* HomeMenuView.swift in Sources */,
				71484BC0245E8E2200A4B3B6 /* ObservableType+Operators.swift in Sources */,
				719E53A424604C5900186C98 /* UserViewModel.swift in Sources */,
				7138543224612EEE00C2E87B /* UITableView+InstantiableIdentifiable.swift in Sources */,
				B99F6A4C459335A580EB8C73 /* StoryboardInstantiable.swift in Sources */,
				71484BBE245E820000A4B3B6 /* InterfaceStylePreferenceService.swift in Sources */,
				B99F69676655BA9641C3CBE2 /* InterfaceStyleProvider.swift in Sources */,
				71CAD340245EFFC500F0B3BB /* UIColor+HexValues.swift in Sources */,
				B99F61DC747F15A49DEF07A0 /* NavigableControllerType.swift in Sources */,
				719E53A124604C2000186C98 /* UserViewController.swift in Sources */,
				B99F6F00C4FC32932B46FDE0 /* ReusableIdentifiableView.swift in Sources */,
				B99F67DA588C16ED5924B324 /* NibInstantiable.swift in Sources */,
				B99F63BF3FA93C2FC79A1D29 /* HomeTodayCell.swift in Sources */,
				B99F6DE5F1DC65AF3B73DACB /* HomeTodayCellTimetableViewModel.swift in Sources */,
				71251E31246160EF0066C4D2 /* HomeTodayCellTimetable.swift in Sources */,
				71251E342461616A0066C4D2 /* HomeTodayCellCard.swift in Sources */,
				B99F6EE09A3B0F226D1A577A /* HomeTodayCellCardViewModel.swift in Sources */,
				71251E36246162E20066C4D2 /* HomeTodayCellTimetableEventCell.swift in Sources */,
				B99F6D1CC096BA2BB5636AB4 /* ViewModelType.swift in Sources */,
				B99F66CA857C1E84F5E13642 /* ViewModelBindableType.swift in Sources */,
				B99F697037030E01F7193020 /* HomeMenuItemCell.swift in Sources */,
				B99F65197937FEFE8A33E471 /* SquareBlocksPatternView.swift in Sources */,
				B99F6E3390F2CB5DA6F201AF /* Collection+Extensions.swift in Sources */,
			);
			runOnlyForDeploymentPostprocessing = 0;
		};
/* End PBXSourcesBuildPhase section */

/* Begin PBXVariantGroup section */
		713A2DFA245C70F50006DB35 /* whats-new.json */ = {
			isa = PBXVariantGroup;
			children = (
				713A2DF9245C70F50006DB35 /* Base */,
				713A2DFB245C70F80006DB35 /* zh-Hans */,
			);
			name = "whats-new.json";
			sourceTree = "<group>";
		};
		713E11EE24619C3800596290 /* Localizable.strings */ = {
			isa = PBXVariantGroup;
			children = (
				713E11EF24619C3800596290 /* Base */,
				713E11F124619C3E00596290 /* zh-Hans */,
			);
			name = Localizable.strings;
			sourceTree = "<group>";
		};
		716645F3245C105F00A244F5 /* Main.storyboard */ = {
			isa = PBXVariantGroup;
			children = (
				716645F4245C105F00A244F5 /* Base */,
			);
			name = Main.storyboard;
			sourceTree = "<group>";
		};
		716645F8245C106100A244F5 /* LaunchScreen.storyboard */ = {
			isa = PBXVariantGroup;
			children = (
				716645F9245C106100A244F5 /* Base */,
			);
			name = LaunchScreen.storyboard;
			sourceTree = "<group>";
		};
/* End PBXVariantGroup section */

/* Begin XCBuildConfiguration section */
		716645FC245C106100A244F5 /* Debug */ = {
			isa = XCBuildConfiguration;
			buildSettings = {
				ALWAYS_SEARCH_USER_PATHS = NO;
				CLANG_ANALYZER_LOCALIZABILITY_NONLOCALIZED = YES;
				CLANG_ANALYZER_NONNULL = YES;
				CLANG_ANALYZER_NUMBER_OBJECT_CONVERSION = YES_AGGRESSIVE;
				CLANG_CXX_LANGUAGE_STANDARD = "gnu++14";
				CLANG_CXX_LIBRARY = "libc++";
				CLANG_ENABLE_MODULES = YES;
				CLANG_ENABLE_OBJC_ARC = YES;
				CLANG_ENABLE_OBJC_WEAK = YES;
				CLANG_WARN_BLOCK_CAPTURE_AUTORELEASING = YES;
				CLANG_WARN_BOOL_CONVERSION = YES;
				CLANG_WARN_COMMA = YES;
				CLANG_WARN_CONSTANT_CONVERSION = YES;
				CLANG_WARN_DEPRECATED_OBJC_IMPLEMENTATIONS = YES;
				CLANG_WARN_DIRECT_OBJC_ISA_USAGE = YES_ERROR;
				CLANG_WARN_DOCUMENTATION_COMMENTS = YES;
				CLANG_WARN_EMPTY_BODY = YES;
				CLANG_WARN_ENUM_CONVERSION = YES;
				CLANG_WARN_INFINITE_RECURSION = YES;
				CLANG_WARN_INT_CONVERSION = YES;
				CLANG_WARN_NON_LITERAL_NULL_CONVERSION = YES;
				CLANG_WARN_OBJC_IMPLICIT_RETAIN_SELF = YES;
				CLANG_WARN_OBJC_LITERAL_CONVERSION = YES;
				CLANG_WARN_OBJC_ROOT_CLASS = YES_ERROR;
				CLANG_WARN_RANGE_LOOP_ANALYSIS = YES;
				CLANG_WARN_STRICT_PROTOTYPES = YES;
				CLANG_WARN_SUSPICIOUS_MOVE = YES;
				CLANG_WARN_UNGUARDED_AVAILABILITY = YES_AGGRESSIVE;
				CLANG_WARN_UNREACHABLE_CODE = YES;
				CLANG_WARN__DUPLICATE_METHOD_MATCH = YES;
				COPY_PHASE_STRIP = NO;
				DEBUG_INFORMATION_FORMAT = dwarf;
				ENABLE_STRICT_OBJC_MSGSEND = YES;
				ENABLE_TESTABILITY = YES;
				GCC_C_LANGUAGE_STANDARD = gnu11;
				GCC_DYNAMIC_NO_PIC = NO;
				GCC_NO_COMMON_BLOCKS = YES;
				GCC_OPTIMIZATION_LEVEL = 0;
				GCC_PREPROCESSOR_DEFINITIONS = (
					"DEBUG=1",
					"$(inherited)",
				);
				GCC_WARN_64_TO_32_BIT_CONVERSION = YES;
				GCC_WARN_ABOUT_RETURN_TYPE = YES_ERROR;
				GCC_WARN_UNDECLARED_SELECTOR = YES;
				GCC_WARN_UNINITIALIZED_AUTOS = YES_AGGRESSIVE;
				GCC_WARN_UNUSED_FUNCTION = YES;
				GCC_WARN_UNUSED_VARIABLE = YES;
				IPHONEOS_DEPLOYMENT_TARGET = 12.0;
				MTL_ENABLE_DEBUG_INFO = INCLUDE_SOURCE;
				MTL_FAST_MATH = YES;
				ONLY_ACTIVE_ARCH = YES;
				SDKROOT = iphoneos;
				SWIFT_ACTIVE_COMPILATION_CONDITIONS = DEBUG;
				SWIFT_OPTIMIZATION_LEVEL = "-Onone";
			};
			name = Debug;
		};
		716645FD245C106100A244F5 /* Release */ = {
			isa = XCBuildConfiguration;
			buildSettings = {
				ALWAYS_SEARCH_USER_PATHS = NO;
				CLANG_ANALYZER_LOCALIZABILITY_NONLOCALIZED = YES;
				CLANG_ANALYZER_NONNULL = YES;
				CLANG_ANALYZER_NUMBER_OBJECT_CONVERSION = YES_AGGRESSIVE;
				CLANG_CXX_LANGUAGE_STANDARD = "gnu++14";
				CLANG_CXX_LIBRARY = "libc++";
				CLANG_ENABLE_MODULES = YES;
				CLANG_ENABLE_OBJC_ARC = YES;
				CLANG_ENABLE_OBJC_WEAK = YES;
				CLANG_WARN_BLOCK_CAPTURE_AUTORELEASING = YES;
				CLANG_WARN_BOOL_CONVERSION = YES;
				CLANG_WARN_COMMA = YES;
				CLANG_WARN_CONSTANT_CONVERSION = YES;
				CLANG_WARN_DEPRECATED_OBJC_IMPLEMENTATIONS = YES;
				CLANG_WARN_DIRECT_OBJC_ISA_USAGE = YES_ERROR;
				CLANG_WARN_DOCUMENTATION_COMMENTS = YES;
				CLANG_WARN_EMPTY_BODY = YES;
				CLANG_WARN_ENUM_CONVERSION = YES;
				CLANG_WARN_INFINITE_RECURSION = YES;
				CLANG_WARN_INT_CONVERSION = YES;
				CLANG_WARN_NON_LITERAL_NULL_CONVERSION = YES;
				CLANG_WARN_OBJC_IMPLICIT_RETAIN_SELF = YES;
				CLANG_WARN_OBJC_LITERAL_CONVERSION = YES;
				CLANG_WARN_OBJC_ROOT_CLASS = YES_ERROR;
				CLANG_WARN_RANGE_LOOP_ANALYSIS = YES;
				CLANG_WARN_STRICT_PROTOTYPES = YES;
				CLANG_WARN_SUSPICIOUS_MOVE = YES;
				CLANG_WARN_UNGUARDED_AVAILABILITY = YES_AGGRESSIVE;
				CLANG_WARN_UNREACHABLE_CODE = YES;
				CLANG_WARN__DUPLICATE_METHOD_MATCH = YES;
				COPY_PHASE_STRIP = NO;
				DEBUG_INFORMATION_FORMAT = "dwarf-with-dsym";
				ENABLE_NS_ASSERTIONS = NO;
				ENABLE_STRICT_OBJC_MSGSEND = YES;
				GCC_C_LANGUAGE_STANDARD = gnu11;
				GCC_NO_COMMON_BLOCKS = YES;
				GCC_WARN_64_TO_32_BIT_CONVERSION = YES;
				GCC_WARN_ABOUT_RETURN_TYPE = YES_ERROR;
				GCC_WARN_UNDECLARED_SELECTOR = YES;
				GCC_WARN_UNINITIALIZED_AUTOS = YES_AGGRESSIVE;
				GCC_WARN_UNUSED_FUNCTION = YES;
				GCC_WARN_UNUSED_VARIABLE = YES;
				IPHONEOS_DEPLOYMENT_TARGET = 12.0;
				MTL_ENABLE_DEBUG_INFO = NO;
				MTL_FAST_MATH = YES;
				SDKROOT = iphoneos;
				SWIFT_COMPILATION_MODE = wholemodule;
				SWIFT_OPTIMIZATION_LEVEL = "-O";
				VALIDATE_PRODUCT = YES;
			};
			name = Release;
		};
		716645FF245C106100A244F5 /* Debug */ = {
			isa = XCBuildConfiguration;
			baseConfigurationReference = BF781242D4F467449515F49B /* Pods-wejh-ios.debug.xcconfig */;
			buildSettings = {
				ASSETCATALOG_COMPILER_APPICON_NAME = AppIcon;
				CODE_SIGN_STYLE = Automatic;
				DEVELOPMENT_TEAM = 2Z7DE68A4G;
				INFOPLIST_FILE = "wejh-ios/Info.plist";
				IPHONEOS_DEPLOYMENT_TARGET = 12.0;
				LD_RUNPATH_SEARCH_PATHS = (
					"$(inherited)",
					"@executable_path/Frameworks",
				);
				MARKETING_VERSION = 0.0.1;
				PRODUCT_BUNDLE_IDENTIFIER = "cn.gettoset.wejh-ios";
				PRODUCT_NAME = "$(TARGET_NAME)";
				SWIFT_VERSION = 5.0;
				TARGETED_DEVICE_FAMILY = "1,2";
			};
			name = Debug;
		};
		71664600245C106100A244F5 /* Release */ = {
			isa = XCBuildConfiguration;
			baseConfigurationReference = 8C457D80C85075B66E7EA11E /* Pods-wejh-ios.release.xcconfig */;
			buildSettings = {
				ASSETCATALOG_COMPILER_APPICON_NAME = AppIcon;
				CODE_SIGN_STYLE = Automatic;
				DEVELOPMENT_TEAM = 2Z7DE68A4G;
				INFOPLIST_FILE = "wejh-ios/Info.plist";
				IPHONEOS_DEPLOYMENT_TARGET = 12.0;
				LD_RUNPATH_SEARCH_PATHS = (
					"$(inherited)",
					"@executable_path/Frameworks",
				);
				MARKETING_VERSION = 0.0.1;
				PRODUCT_BUNDLE_IDENTIFIER = "cn.gettoset.wejh-ios";
				PRODUCT_NAME = "$(TARGET_NAME)";
				SWIFT_VERSION = 5.0;
				TARGETED_DEVICE_FAMILY = "1,2";
			};
			name = Release;
		};
/* End XCBuildConfiguration section */

/* Begin XCConfigurationList section */
		716645E5245C105F00A244F5 /* Build configuration list for PBXProject "wejh-ios" */ = {
			isa = XCConfigurationList;
			buildConfigurations = (
				716645FC245C106100A244F5 /* Debug */,
				716645FD245C106100A244F5 /* Release */,
			);
			defaultConfigurationIsVisible = 0;
			defaultConfigurationName = Release;
		};
		716645FE245C106100A244F5 /* Build configuration list for PBXNativeTarget "wejh-ios" */ = {
			isa = XCConfigurationList;
			buildConfigurations = (
				716645FF245C106100A244F5 /* Debug */,
				71664600245C106100A244F5 /* Release */,
			);
			defaultConfigurationIsVisible = 0;
			defaultConfigurationName = Release;
		};
/* End XCConfigurationList section */
	};
	rootObject = 716645E2245C105F00A244F5 /* Project object */;
}
